
Microsoft Visual Studio Solution File, Format Version 11.00
# Visual Studio 2010
Project("{FAE04EC0-301F-11D3-BF4B-00C04F79EFBC}") = "QTester", "QTester.csproj", "{314496E6-67BE-4A8A-9A1A-C765C0441CC9}"
EndProject
Project("{54435603-DBB4-11D2-8724-00A0C9A8B90C}") = "Setup", "..\installer\Setup\Setup.vdproj", "{9446C3ED-FBB8-43AD-9864-0EF5E43FF1F4}"
EndProject
Project("{2150E333-8FDC-42A3-9474-1A3956D46DE8}") = "Experiments", "Experiments", "{F2BC4089-6C7C-4FC8-81DD-8A6F4ADFD3EC}"
EndProject
Project("{FAE04EC0-301F-11D3-BF4B-00C04F79EFBC}") = "XML_Concepts", "..\Experiments\XML_Concepts\XML_Concepts.csproj", "{3C650796-ABB6-4283-A242-B32E9D71CE96}"
EndProject
Global
	GlobalSection(SolutionConfigurationPlatforms) = preSolution
		Debug|Any CPU = Debug|Any CPU
		Debug|Mixed Platforms = Debug|Mixed Platforms
		Debug|x86 = Debug|x86
		Release|Any CPU = Release|Any CPU
		Release|Mixed Platforms = Release|Mixed Platforms
		Release|x86 = Release|x86
	EndGlobalSection
	GlobalSection(ProjectConfigurationPlatforms) = postSolution
		{314496E6-67BE-4A8A-9A1A-C765C0441CC9}.Debug|Any CPU.ActiveCfg = Debug|Any CPU
		{314496E6-67BE-4A8A-9A1A-C765C0441CC9}.Debug|Any CPU.Build.0 = Debug|Any CPU
		{314496E6-67BE-4A8A-9A1A-C765C0441CC9}.Debug|Mixed Platforms.ActiveCfg = Debug|Any CPU
		{314496E6-67BE-4A8A-9A1A-C765C0441CC9}.Debug|Mixed Platforms.Build.0 = Debug|Any CPU
		{314496E6-67BE-4A8A-9A1A-C765C0441CC9}.Debug|x86.ActiveCfg = Debug|Any CPU
		{314496E6-67BE-4A8A-9A1A-C765C0441CC9}.Release|Any CPU.ActiveCfg = Release|Any CPU
		{314496E6-67BE-4A8A-9A1A-C765C0441CC9}.Release|Any CPU.Build.0 = Release|Any CPU
		{314496E6-67BE-4A8A-9A1A-C765C0441CC9}.Release|Mixed Platforms.ActiveCfg = Release|Any CPU
		{314496E6-67BE-4A8A-9A1A-C765C0441CC9}.Release|Mixed Platforms.Build.0 = Release|Any CPU
		{314496E6-67BE-4A8A-9A1A-C765C0441CC9}.Release|x86.ActiveCfg = Release|Any CPU
		{9446C3ED-FBB8-43AD-9864-0EF5E43FF1F4}.Debug|Any CPU.ActiveCfg = Debug
		{9446C3ED-FBB8-43AD-9864-0EF5E43FF1F4}.Debug|Mixed Platforms.ActiveCfg = Debug
		{9446C3ED-FBB8-43AD-9864-0EF5E43FF1F4}.Debug|Mixed Platforms.Build.0 = Debug
		{9446C3ED-FBB8-43AD-9864-0EF5E43FF1F4}.Debug|x86.ActiveCfg = Debug
		{9446C3ED-FBB8-43AD-9864-0EF5E43FF1F4}.Debug|x86.Build.0 = Debug
		{9446C3ED-FBB8-43AD-9864-0EF5E43FF1F4}.Release|Any CPU.ActiveCfg = Release
		{9446C3ED-FBB8-43AD-9864-0EF5E43FF1F4}.Release|Mixed Platforms.ActiveCfg = Release
		{9446C3ED-FBB8-43AD-9864-0EF5E43FF1F4}.Release|Mixed Platforms.Build.0 = Release
		{9446C3ED-FBB8-43AD-9864-0EF5E43FF1F4}.Release|x86.ActiveCfg = Release
		{9446C3ED-FBB8-43AD-9864-0EF5E43FF1F4}.Release|x86.Build.0 = Release
		{3C650796-ABB6-4283-A242-B32E9D71CE96}.Debug|Any CPU.ActiveCfg = Debug|x86
		{3C650796-ABB6-4283-A242-B32E9D71CE96}.Debug|Mixed Platforms.ActiveCfg = Debug|x86
		{3C650796-ABB6-4283-A242-B32E9D71CE96}.Debug|Mixed Platforms.Build.0 = Debug|x86
		{3C650796-ABB6-4283-A242-B32E9D71CE96}.Debug|x86.ActiveCfg = Debug|x86
		{3C650796-ABB6-4283-A242-B32E9D71CE96}.Debug|x86.Build.0 = Debug|x86
		{3C650796-ABB6-4283-A242-B32E9D71CE96}.Release|Any CPU.ActiveCfg = Release|x86
		{3C650796-ABB6-4283-A242-B32E9D71CE96}.Release|Mixed Platforms.ActiveCfg = Release|x86
		{3C650796-ABB6-4283-A242-B32E9D71CE96}.Release|Mixed Platforms.Build.0 = Release|x86
		{3C650796-ABB6-4283-A242-B32E9D71CE96}.Release|x86.ActiveCfg = Release|x86
		{3C650796-ABB6-4283-A242-B32E9D71CE96}.Release|x86.Build.0 = Release|x86
	EndGlobalSection
	GlobalSection(SolutionProperties) = preSolution
		HideSolutionNode = FALSE
	EndGlobalSection
	GlobalSection(NestedProjects) = preSolution
		{3C650796-ABB6-4283-A242-B32E9D71CE96} = {F2BC4089-6C7C-4FC8-81DD-8A6F4ADFD3EC}
	EndGlobalSection
EndGlobal
