
Microsoft Visual Studio Solution File, Format Version 12.00
# Visual Studio 2013
VisualStudioVersion = 12.0.21005.1
MinimumVisualStudioVersion = 10.0.40219.1
Project("{6141683F-8A12-4E36-9623-2EB02B2C2303}") = "QTesterSetup", "QTesterSetup\QTesterSetup.isproj", "{A3B64776-1FB3-4C79-AD31-0C6FE596890E}"
EndProject
Global
	GlobalSection(SolutionConfigurationPlatforms) = preSolution
		CD_ROM|Default = CD_ROM|Default
		DVD-5|Default = DVD-5|Default
		SingleImage|Default = SingleImage|Default
	EndGlobalSection
	GlobalSection(ProjectConfigurationPlatforms) = postSolution
		{A3B64776-1FB3-4C79-AD31-0C6FE596890E}.CD_ROM|Default.ActiveCfg = CD_ROM
		{A3B64776-1FB3-4C79-AD31-0C6FE596890E}.CD_ROM|Default.Build.0 = CD_ROM
		{A3B64776-1FB3-4C79-AD31-0C6FE596890E}.DVD-5|Default.ActiveCfg = DVD-5
		{A3B64776-1FB3-4C79-AD31-0C6FE596890E}.DVD-5|Default.Build.0 = DVD-5
		{A3B64776-1FB3-4C79-AD31-0C6FE596890E}.SingleImage|Default.ActiveCfg = SingleImage
		{A3B64776-1FB3-4C79-AD31-0C6FE596890E}.SingleImage|Default.Build.0 = SingleImage
	EndGlobalSection
	GlobalSection(SolutionProperties) = preSolution
		HideSolutionNode = FALSE
	EndGlobalSection
EndGlobal
